
Microsoft Visual Studio Solution File, Format Version 12.00
# Visual Studio Version 16
VisualStudioVersion = 16.0.810.8
MinimumVisualStudioVersion = 10.0.40219.1
Project("{FAE04EC0-301F-11D3-BF4B-00C04F79EFBC}") = "PSO", "PSO\PSO.csproj", "{301E52E6-65AA-4A1F-B15C-91138677DE8A}"
EndProject
Project("{FAE04EC0-301F-11D3-BF4B-00C04F79EFBC}") = "PSO.Tests", "PSO.Tests\PSO.Tests.csproj", "{79661D2A-9F52-4331-B595-30252E433420}"
EndProject
Global
	GlobalSection(SolutionConfigurationPlatforms) = preSolution
		Debug|Any CPU = Debug|Any CPU
		Release|Any CPU = Release|Any CPU
	EndGlobalSection
	GlobalSection(ProjectConfigurationPlatforms) = postSolution
		{301E52E6-65AA-4A1F-B15C-91138677DE8A}.Debug|Any CPU.ActiveCfg = Debug|Any CPU
		{301E52E6-65AA-4A1F-B15C-91138677DE8A}.Debug|Any CPU.Build.0 = Debug|Any CPU
		{301E52E6-65AA-4A1F-B15C-91138677DE8A}.Release|Any CPU.ActiveCfg = Release|Any CPU
		{301E52E6-65AA-4A1F-B15C-91138677DE8A}.Release|Any CPU.Build.0 = Release|Any CPU
		{79661D2A-9F52-4331-B595-30252E433420}.Debug|Any CPU.ActiveCfg = Debug|Any CPU
		{79661D2A-9F52-4331-B595-30252E433420}.Debug|Any CPU.Build.0 = Debug|Any CPU
		{79661D2A-9F52-4331-B595-30252E433420}.Release|Any CPU.ActiveCfg = Release|Any CPU
		{79661D2A-9F52-4331-B595-30252E433420}.Release|Any CPU.Build.0 = Release|Any CPU
	EndGlobalSection
	GlobalSection(SolutionProperties) = preSolution
		HideSolutionNode = FALSE
	EndGlobalSection
	GlobalSection(ExtensibilityGlobals) = postSolution
		SolutionGuid = {2A230C7A-333F-418D-9FFF-813D9A2CD955}
	EndGlobalSection
EndGlobal
